
Microsoft Visual Studio Solution File, Format Version 12.00
# Visual Studio Version 17
VisualStudioVersion = 17.12.35707.178
MinimumVisualStudioVersion = 10.0.40219.1
Project("{FAE04EC0-301F-11D3-BF4B-00C04F79EFBC}") = "AstroView.WebApp", "AstroView.WebApp\AstroView.WebApp.csproj", "{29D50A2F-3EF7-449D-AE03-3F01C278628A}"
EndProject
Global
	GlobalSection(SolutionConfigurationPlatforms) = preSolution
		Debug|Any CPU = Debug|Any CPU
		Release|Any CPU = Release|Any CPU
	EndGlobalSection
	GlobalSection(ProjectConfigurationPlatforms) = postSolution
		{29D50A2F-3EF7-449D-AE03-3F01C278628A}.Debug|Any CPU.ActiveCfg = Debug|Any CPU
		{29D50A2F-3EF7-449D-AE03-3F01C278628A}.Debug|Any CPU.Build.0 = Debug|Any CPU
		{29D50A2F-3EF7-449D-AE03-3F01C278628A}.Release|Any CPU.ActiveCfg = Release|Any CPU
		{29D50A2F-3EF7-449D-AE03-3F01C278628A}.Release|Any CPU.Build.0 = Release|Any CPU
	EndGlobalSection
	GlobalSection(SolutionProperties) = preSolution
		HideSolutionNode = FALSE
	EndGlobalSection
	GlobalSection(ExtensibilityGlobals) = postSolution
		SolutionGuid = {22A9F9BE-49CA-40F7-8879-DD6FD9828BB4}
	EndGlobalSection
EndGlobal
